
Microsoft Visual Studio Solution File, Format Version 12.00
# Visual Studio 15
VisualStudioVersion = 15.0.28307.1705
MinimumVisualStudioVersion = 10.0.40219.1
Project("{FAE04EC0-301F-11D3-BF4B-00C04F79EFBC}") = "ConsolaSerializacion", "ConsolaSerializacion\ConsolaSerializacion.csproj", "{F4180B69-6C08-4C1C-8B89-FED7791DD1C0}"
EndProject
Project("{FAE04EC0-301F-11D3-BF4B-00C04F79EFBC}") = "DataSerializacion", "DataSerializacion\DataSerializacion.csproj", "{58C138CE-A4E9-41D3-B499-6170B45A7B3C}"
EndProject
Project("{FAE04EC0-301F-11D3-BF4B-00C04F79EFBC}") = "TiposSerializacion", "TiposSerializacion\TiposSerializacion.csproj", "{8D8574C1-1FD5-47F5-B053-A48151DA0F58}"
EndProject
Global
	GlobalSection(SolutionConfigurationPlatforms) = preSolution
		Debug|Any CPU = Debug|Any CPU
		Release|Any CPU = Release|Any CPU
	EndGlobalSection
	GlobalSection(ProjectConfigurationPlatforms) = postSolution
		{F4180B69-6C08-4C1C-8B89-FED7791DD1C0}.Debug|Any CPU.ActiveCfg = Debug|Any CPU
		{F4180B69-6C08-4C1C-8B89-FED7791DD1C0}.Debug|Any CPU.Build.0 = Debug|Any CPU
		{F4180B69-6C08-4C1C-8B89-FED7791DD1C0}.Release|Any CPU.ActiveCfg = Release|Any CPU
		{F4180B69-6C08-4C1C-8B89-FED7791DD1C0}.Release|Any CPU.Build.0 = Release|Any CPU
		{58C138CE-A4E9-41D3-B499-6170B45A7B3C}.Debug|Any CPU.ActiveCfg = Debug|Any CPU
		{58C138CE-A4E9-41D3-B499-6170B45A7B3C}.Debug|Any CPU.Build.0 = Debug|Any CPU
		{58C138CE-A4E9-41D3-B499-6170B45A7B3C}.Release|Any CPU.ActiveCfg = Release|Any CPU
		{58C138CE-A4E9-41D3-B499-6170B45A7B3C}.Release|Any CPU.Build.0 = Release|Any CPU
		{8D8574C1-1FD5-47F5-B053-A48151DA0F58}.Debug|Any CPU.ActiveCfg = Debug|Any CPU
		{8D8574C1-1FD5-47F5-B053-A48151DA0F58}.Debug|Any CPU.Build.0 = Debug|Any CPU
		{8D8574C1-1FD5-47F5-B053-A48151DA0F58}.Release|Any CPU.ActiveCfg = Release|Any CPU
		{8D8574C1-1FD5-47F5-B053-A48151DA0F58}.Release|Any CPU.Build.0 = Release|Any CPU
	EndGlobalSection
	GlobalSection(SolutionProperties) = preSolution
		HideSolutionNode = FALSE
	EndGlobalSection
	GlobalSection(ExtensibilityGlobals) = postSolution
		SolutionGuid = {5FDBFEA6-F0BD-4927-8EC1-01A8F78C392B}
	EndGlobalSection
EndGlobal
